{
  "name": "HumanicaTest-aueangkul",
  "version": "1.0.0",
  "lockfileVersion": 1,
  "requires": true,
  "dependencies": {
    "readline": {
      "version": "1.3.0",
      "resolved": "https://registry.npmjs.org/readline/-/readline-1.3.0.tgz",
      "integrity": "sha512-k2d6ACCkiNYz222Fs/iNze30rRJ1iIicW7JuX/7/cozvih6YCkFZH+J6mAFDVgv0dRBaAyr4jDqC95R2y4IADg=="
    },
    "readline-promise": {
      "version": "1.0.5",
      "resolved": "https://registry.npmjs.org/readline-promise/-/readline-promise-1.0.5.tgz",
      "integrity": "sha512-rlqCVq6aaHxJCOJ0CzDHUi9Kj9JPBpnGFkdl6JefVjy0O/dGuBP+CovaHfaftUwElUlIeUs0E/a3Z5y45vRTVA=="
    }
  }
}
